// !$*UTF8*$!
{
	archiveVersion = 1;
	classes = {
	};
	objectVersion = 56;
	objects = {

/* Begin PBXBuildFile section */
		D4713D1A2AFCC71900052F7E /* InstagramApp.swift in Sources */ = {isa = PBXBuildFile; fileRef = D4713D192AFCC71900052F7E /* InstagramApp.swift */; };
		D4713D1C2AFCC71900052F7E /* ContentView.swift in Sources */ = {isa = PBXBuildFile; fileRef = D4713D1B2AFCC71900052F7E /* ContentView.swift */; };
		D4713D1E2AFCC71B00052F7E /* Assets.xcassets in Resources */ = {isa = PBXBuildFile; fileRef = D4713D1D2AFCC71B00052F7E /* Assets.xcassets */; };
		D4713D212AFCC71B00052F7E /* Preview Assets.xcassets in Resources */ = {isa = PBXBuildFile; fileRef = D4713D202AFCC71B00052F7E /* Preview Assets.xcassets */; };
		D4713D232AFCC71B00052F7E /* Persistence.swift in Sources */ = {isa = PBXBuildFile; fileRef = D4713D222AFCC71B00052F7E /* Persistence.swift */; };
		D4713D262AFCC71B00052F7E /* Instagram.xcdatamodeld in Sources */ = {isa = PBXBuildFile; fileRef = D4713D242AFCC71B00052F7E /* Instagram.xcdatamodeld */; };
		D4713D552AFCC8C300052F7E /* MainTabView.swift in Sources */ = {isa = PBXBuildFile; fileRef = D4713D542AFCC8C300052F7E /* MainTabView.swift */; };
		D4713D572AFCCA4700052F7E /* ProfileView.swift in Sources */ = {isa = PBXBuildFile; fileRef = D4713D562AFCCA4700052F7E /* ProfileView.swift */; };
		D4713D592AFCDCD100052F7E /* FeedCell.swift in Sources */ = {isa = PBXBuildFile; fileRef = D4713D582AFCDCD100052F7E /* FeedCell.swift */; };
		D4713D5B2AFCE0DA00052F7E /* FeedView.swift in Sources */ = {isa = PBXBuildFile; fileRef = D4713D5A2AFCE0DA00052F7E /* FeedView.swift */; };
/* End PBXBuildFile section */

/* Begin PBXFileReference section */
		D4713D162AFCC71900052F7E /* Instagram.app */ = {isa = PBXFileReference; explicitFileType = wrapper.application; includeInIndex = 0; path = Instagram.app; sourceTree = BUILT_PRODUCTS_DIR; };
		D4713D192AFCC71900052F7E /* InstagramApp.swift */ = {isa = PBXFileReference; lastKnownFileType = sourcecode.swift; path = InstagramApp.swift; sourceTree = "<group>"; };
		D4713D1B2AFCC71900052F7E /* ContentView.swift */ = {isa = PBXFileReference; lastKnownFileType = sourcecode.swift; path = ContentView.swift; sourceTree = "<group>"; };
		D4713D1D2AFCC71B00052F7E /* Assets.xcassets */ = {isa = PBXFileReference; lastKnownFileType = folder.assetcatalog; path = Assets.xcassets; sourceTree = "<group>"; };
		D4713D202AFCC71B00052F7E /* Preview Assets.xcassets */ = {isa = PBXFileReference; lastKnownFileType = folder.assetcatalog; path = "Preview Assets.xcassets"; sourceTree = "<group>"; };
		D4713D222AFCC71B00052F7E /* Persistence.swift */ = {isa = PBXFileReference; lastKnownFileType = sourcecode.swift; path = Persistence.swift; sourceTree = "<group>"; };
		D4713D252AFCC71B00052F7E /* Instagram.xcdatamodel */ = {isa = PBXFileReference; lastKnownFileType = wrapper.xcdatamodel; path = Instagram.xcdatamodel; sourceTree = "<group>"; };
		D4713D542AFCC8C300052F7E /* MainTabView.swift */ = {isa = PBXFileReference; lastKnownFileType = sourcecode.swift; path = MainTabView.swift; sourceTree = "<group>"; };
		D4713D562AFCCA4700052F7E /* ProfileView.swift */ = {isa = PBXFileReference; lastKnownFileType = sourcecode.swift; path = ProfileView.swift; sourceTree = "<group>"; };
		D4713D582AFCDCD100052F7E /* FeedCell.swift */ = {isa = PBXFileReference; lastKnownFileType = sourcecode.swift; path = FeedCell.swift; sourceTree = "<group>"; };
		D4713D5A2AFCE0DA00052F7E /* FeedView.swift */ = {isa = PBXFileReference; lastKnownFileType = sourcecode.swift; path = FeedView.swift; sourceTree = "<group>"; };
/* End PBXFileReference section */

/* Begin PBXFrameworksBuildPhase section */
		D4713D132AFCC71900052F7E /* Frameworks */ = {
			isa = PBXFrameworksBuildPhase;
			buildActionMask = 2147483647;
			files = (
			);
			runOnlyForDeploymentPostprocessing = 0;
		};
/* End PBXFrameworksBuildPhase section */

/* Begin PBXGroup section */
		D4713D0D2AFCC71900052F7E = {
			isa = PBXGroup;
			children = (
				D4713D182AFCC71900052F7E /* Instagram */,
				D4713D172AFCC71900052F7E /* Products */,
			);
			sourceTree = "<group>";
		};
		D4713D172AFCC71900052F7E /* Products */ = {
			isa = PBXGroup;
			children = (
				D4713D162AFCC71900052F7E /* Instagram.app */,
			);
			name = Products;
			sourceTree = "<group>";
		};
		D4713D182AFCC71900052F7E /* Instagram */ = {
			isa = PBXGroup;
			children = (
				D4713D4C2AFCC78700052F7E /* Services */,
				D4713D4B2AFCC77E00052F7E /* Model */,
				D4713D4A2AFCC76F00052F7E /* Extensions */,
				D4713D492AFCC76300052F7E /* Core */,
				D4713D482AFCC75600052F7E /* App */,
				D4713D1D2AFCC71B00052F7E /* Assets.xcassets */,
				D4713D1F2AFCC71B00052F7E /* Preview Content */,
			);
			path = Instagram;
			sourceTree = "<group>";
		};
		D4713D1F2AFCC71B00052F7E /* Preview Content */ = {
			isa = PBXGroup;
			children = (
				D4713D202AFCC71B00052F7E /* Preview Assets.xcassets */,
			);
			path = "Preview Content";
			sourceTree = "<group>";
		};
		D4713D482AFCC75600052F7E /* App */ = {
			isa = PBXGroup;
			children = (
				D4713D192AFCC71900052F7E /* InstagramApp.swift */,
			);
			path = App;
			sourceTree = "<group>";
		};
		D4713D492AFCC76300052F7E /* Core */ = {
			isa = PBXGroup;
			children = (
				D4713D532AFCC87500052F7E /* UploadPost */,
				D4713D522AFCC86E00052F7E /* TabBar */,
				D4713D512AFCC83100052F7E /* Profile */,
				D4713D502AFCC81D00052F7E /* Root */,
				D4713D4F2AFCC81700052F7E /* Search */,
				D4713D4E2AFCC80F00052F7E /* Feed */,
				D4713D4D2AFCC80700052F7E /* Authentication */,
			);
			path = Core;
			sourceTree = "<group>";
		};
		D4713D4A2AFCC76F00052F7E /* Extensions */ = {
			isa = PBXGroup;
			children = (
			);
			path = Extensions;
			sourceTree = "<group>";
		};
		D4713D4B2AFCC77E00052F7E /* Model */ = {
			isa = PBXGroup;
			children = (
			);
			path = Model;
			sourceTree = "<group>";
		};
		D4713D4C2AFCC78700052F7E /* Services */ = {
			isa = PBXGroup;
			children = (
				D4713D222AFCC71B00052F7E /* Persistence.swift */,
				D4713D242AFCC71B00052F7E /* Instagram.xcdatamodeld */,
			);
			path = Services;
			sourceTree = "<group>";
		};
		D4713D4D2AFCC80700052F7E /* Authentication */ = {
			isa = PBXGroup;
			children = (
			);
			path = Authentication;
			sourceTree = "<group>";
		};
		D4713D4E2AFCC80F00052F7E /* Feed */ = {
			isa = PBXGroup;
			children = (
				D4713D582AFCDCD100052F7E /* FeedCell.swift */,
				D4713D5A2AFCE0DA00052F7E /* FeedView.swift */,
			);
			path = Feed;
			sourceTree = "<group>";
		};
		D4713D4F2AFCC81700052F7E /* Search */ = {
			isa = PBXGroup;
			children = (
			);
			path = Search;
			sourceTree = "<group>";
		};
		D4713D502AFCC81D00052F7E /* Root */ = {
			isa = PBXGroup;
			children = (
				D4713D1B2AFCC71900052F7E /* ContentView.swift */,
			);
			path = Root;
			sourceTree = "<group>";
		};
		D4713D512AFCC83100052F7E /* Profile */ = {
			isa = PBXGroup;
			children = (
				D4713D562AFCCA4700052F7E /* ProfileView.swift */,
			);
			path = Profile;
			sourceTree = "<group>";
		};
		D4713D522AFCC86E00052F7E /* TabBar */ = {
			isa = PBXGroup;
			children = (
				D4713D542AFCC8C300052F7E /* MainTabView.swift */,
			);
			path = TabBar;
			sourceTree = "<group>";
		};
		D4713D532AFCC87500052F7E /* UploadPost */ = {
			isa = PBXGroup;
			children = (
			);
			path = UploadPost;
			sourceTree = "<group>";
		};
/* End PBXGroup section */

/* Begin PBXNativeTarget section */
		D4713D152AFCC71900052F7E /* Instagram */ = {
			isa = PBXNativeTarget;
			buildConfigurationList = D4713D3F2AFCC71B00052F7E /* Build configuration list for PBXNativeTarget "Instagram" */;
			buildPhases = (
				D4713D122AFCC71900052F7E /* Sources */,
				D4713D132AFCC71900052F7E /* Frameworks */,
				D4713D142AFCC71900052F7E /* Resources */,
			);
			buildRules = (
			);
			dependencies = (
			);
			name = Instagram;
			productName = Instagram;
			productReference = D4713D162AFCC71900052F7E /* Instagram.app */;
			productType = "com.apple.product-type.application";
		};
/* End PBXNativeTarget section */

/* Begin PBXProject section */
		D4713D0E2AFCC71900052F7E /* Project object */ = {
			isa = PBXProject;
			attributes = {
				BuildIndependentTargetsInParallel = 1;
				LastSwiftUpdateCheck = 1430;
				LastUpgradeCheck = 1430;
				TargetAttributes = {
					D4713D152AFCC71900052F7E = {
						CreatedOnToolsVersion = 14.3.1;
					};
				};
			};
			buildConfigurationList = D4713D112AFCC71900052F7E /* Build configuration list for PBXProject "Instagram" */;
			compatibilityVersion = "Xcode 14.0";
			developmentRegion = en;
			hasScannedForEncodings = 0;
			knownRegions = (
				en,
				Base,
			);
			mainGroup = D4713D0D2AFCC71900052F7E;
			productRefGroup = D4713D172AFCC71900052F7E /* Products */;
			projectDirPath = "";
			projectRoot = "";
			targets = (
				D4713D152AFCC71900052F7E /* Instagram */,
			);
		};
/* End PBXProject section */

/* Begin PBXResourcesBuildPhase section */
		D4713D142AFCC71900052F7E /* Resources */ = {
			isa = PBXResourcesBuildPhase;
			buildActionMask = 2147483647;
			files = (
				D4713D212AFCC71B00052F7E /* Preview Assets.xcassets in Resources */,
				D4713D1E2AFCC71B00052F7E /* Assets.xcassets in Resources */,
			);
			runOnlyForDeploymentPostprocessing = 0;
		};
/* End PBXResourcesBuildPhase section */

/* Begin PBXSourcesBuildPhase section */
		D4713D122AFCC71900052F7E /* Sources */ = {
			isa = PBXSourcesBuildPhase;
			buildActionMask = 2147483647;
			files = (
				D4713D5B2AFCE0DA00052F7E /* FeedView.swift in Sources */,
				D4713D592AFCDCD100052F7E /* FeedCell.swift in Sources */,
				D4713D262AFCC71B00052F7E /* Instagram.xcdatamodeld in Sources */,
				D4713D232AFCC71B00052F7E /* Persistence.swift in Sources */,
				D4713D1C2AFCC71900052F7E /* ContentView.swift in Sources */,
				D4713D1A2AFCC71900052F7E /* InstagramApp.swift in Sources */,
				D4713D572AFCCA4700052F7E /* ProfileView.swift in Sources */,
				D4713D552AFCC8C300052F7E /* MainTabView.swift in Sources */,
			);
			runOnlyForDeploymentPostprocessing = 0;
		};
/* End PBXSourcesBuildPhase section */

/* Begin XCBuildConfiguration section */
		D4713D3D2AFCC71B00052F7E /* Debug */ = {
			isa = XCBuildConfiguration;
			buildSettings = {
				ALWAYS_SEARCH_USER_PATHS = NO;
				CLANG_ANALYZER_NONNULL = YES;
				CLANG_ANALYZER_NUMBER_OBJECT_CONVERSION = YES_AGGRESSIVE;
				CLANG_CXX_LANGUAGE_STANDARD = "gnu++20";
				CLANG_ENABLE_MODULES = YES;
				CLANG_ENABLE_OBJC_ARC = YES;
				CLANG_ENABLE_OBJC_WEAK = YES;
				CLANG_WARN_BLOCK_CAPTURE_AUTORELEASING = YES;
				CLANG_WARN_BOOL_CONVERSION = YES;
				CLANG_WARN_COMMA = YES;
				CLANG_WARN_CONSTANT_CONVERSION = YES;
				CLANG_WARN_DEPRECATED_OBJC_IMPLEMENTATIONS = YES;
				CLANG_WARN_DIRECT_OBJC_ISA_USAGE = YES_ERROR;
				CLANG_WARN_DOCUMENTATION_COMMENTS = YES;
				CLANG_WARN_EMPTY_BODY = YES;
				CLANG_WARN_ENUM_CONVERSION = YES;
				CLANG_WARN_INFINITE_RECURSION = YES;
				CLANG_WARN_INT_CONVERSION = YES;
				CLANG_WARN_NON_LITERAL_NULL_CONVERSION = YES;
				CLANG_WARN_OBJC_IMPLICIT_RETAIN_SELF = YES;
				CLANG_WARN_OBJC_LITERAL_CONVERSION = YES;
				CLANG_WARN_OBJC_ROOT_CLASS = YES_ERROR;
				CLANG_WARN_QUOTED_INCLUDE_IN_FRAMEWORK_HEADER = YES;
				CLANG_WARN_RANGE_LOOP_ANALYSIS = YES;
				CLANG_WARN_STRICT_PROTOTYPES = YES;
				CLANG_WARN_SUSPICIOUS_MOVE = YES;
				CLANG_WARN_UNGUARDED_AVAILABILITY = YES_AGGRESSIVE;
				CLANG_WARN_UNREACHABLE_CODE = YES;
				CLANG_WARN__DUPLICATE_METHOD_MATCH = YES;
				COPY_PHASE_STRIP = NO;
				DEBUG_INFORMATION_FORMAT = dwarf;
				ENABLE_STRICT_OBJC_MSGSEND = YES;
				ENABLE_TESTABILITY = YES;
				GCC_C_LANGUAGE_STANDARD = gnu11;
				GCC_DYNAMIC_NO_PIC = NO;
				GCC_NO_COMMON_BLOCKS = YES;
				GCC_OPTIMIZATION_LEVEL = 0;
				GCC_PREPROCESSOR_DEFINITIONS = (
					"DEBUG=1",
					"$(inherited)",
				);
				GCC_WARN_64_TO_32_BIT_CONVERSION = YES;
				GCC_WARN_ABOUT_RETURN_TYPE = YES_ERROR;
				GCC_WARN_UNDECLARED_SELECTOR = YES;
				GCC_WARN_UNINITIALIZED_AUTOS = YES_AGGRESSIVE;
				GCC_WARN_UNUSED_FUNCTION = YES;
				GCC_WARN_UNUSED_VARIABLE = YES;
				IPHONEOS_DEPLOYMENT_TARGET = 16.4;
				MTL_ENABLE_DEBUG_INFO = INCLUDE_SOURCE;
				MTL_FAST_MATH = YES;
				ONLY_ACTIVE_ARCH = YES;
				SDKROOT = iphoneos;
				SWIFT_ACTIVE_COMPILATION_CONDITIONS = DEBUG;
				SWIFT_OPTIMIZATION_LEVEL = "-Onone";
			};
			name = Debug;
		};
		D4713D3E2AFCC71B00052F7E /* Release */ = {
			isa = XCBuildConfiguration;
			buildSettings = {
				ALWAYS_SEARCH_USER_PATHS = NO;
				CLANG_ANALYZER_NONNULL = YES;
				CLANG_ANALYZER_NUMBER_OBJECT_CONVERSION = YES_AGGRESSIVE;
				CLANG_CXX_LANGUAGE_STANDARD = "gnu++20";
				CLANG_ENABLE_MODULES = YES;
				CLANG_ENABLE_OBJC_ARC = YES;
				CLANG_ENABLE_OBJC_WEAK = YES;
				CLANG_WARN_BLOCK_CAPTURE_AUTORELEASING = YES;
				CLANG_WARN_BOOL_CONVERSION = YES;
				CLANG_WARN_COMMA = YES;
				CLANG_WARN_CONSTANT_CONVERSION = YES;
				CLANG_WARN_DEPRECATED_OBJC_IMPLEMENTATIONS = YES;
				CLANG_WARN_DIRECT_OBJC_ISA_USAGE = YES_ERROR;
				CLANG_WARN_DOCUMENTATION_COMMENTS = YES;
				CLANG_WARN_EMPTY_BODY = YES;
				CLANG_WARN_ENUM_CONVERSION = YES;
				CLANG_WARN_INFINITE_RECURSION = YES;
				CLANG_WARN_INT_CONVERSION = YES;
				CLANG_WARN_NON_LITERAL_NULL_CONVERSION = YES;
				CLANG_WARN_OBJC_IMPLICIT_RETAIN_SELF = YES;
				CLANG_WARN_OBJC_LITERAL_CONVERSION = YES;
				CLANG_WARN_OBJC_ROOT_CLASS = YES_ERROR;
				CLANG_WARN_QUOTED_INCLUDE_IN_FRAMEWORK_HEADER = YES;
				CLANG_WARN_RANGE_LOOP_ANALYSIS = YES;
				CLANG_WARN_STRICT_PROTOTYPES = YES;
				CLANG_WARN_SUSPICIOUS_MOVE = YES;
				CLANG_WARN_UNGUARDED_AVAILABILITY = YES_AGGRESSIVE;
				CLANG_WARN_UNREACHABLE_CODE = YES;
				CLANG_WARN__DUPLICATE_METHOD_MATCH = YES;
				COPY_PHASE_STRIP = NO;
				DEBUG_INFORMATION_FORMAT = "dwarf-with-dsym";
				ENABLE_NS_ASSERTIONS = NO;
				ENABLE_STRICT_OBJC_MSGSEND = YES;
				GCC_C_LANGUAGE_STANDARD = gnu11;
				GCC_NO_COMMON_BLOCKS = YES;
				GCC_WARN_64_TO_32_BIT_CONVERSION = YES;
				GCC_WARN_ABOUT_RETURN_TYPE = YES_ERROR;
				GCC_WARN_UNDECLARED_SELECTOR = YES;
				GCC_WARN_UNINITIALIZED_AUTOS = YES_AGGRESSIVE;
				GCC_WARN_UNUSED_FUNCTION = YES;
				GCC_WARN_UNUSED_VARIABLE = YES;
				IPHONEOS_DEPLOYMENT_TARGET = 16.4;
				MTL_ENABLE_DEBUG_INFO = NO;
				MTL_FAST_MATH = YES;
				SDKROOT = iphoneos;
				SWIFT_COMPILATION_MODE = wholemodule;
				SWIFT_OPTIMIZATION_LEVEL = "-O";
				VALIDATE_PRODUCT = YES;
			};
			name = Release;
		};
		D4713D402AFCC71B00052F7E /* Debug */ = {
			isa = XCBuildConfiguration;
			buildSettings = {
				ASSETCATALOG_COMPILER_APPICON_NAME = AppIcon;
				ASSETCATALOG_COMPILER_GLOBAL_ACCENT_COLOR_NAME = AccentColor;
				CODE_SIGN_STYLE = Automatic;
				CURRENT_PROJECT_VERSION = 1;
				DEVELOPMENT_ASSET_PATHS = "\"Instagram/Preview Content\"";
				DEVELOPMENT_TEAM = 6VC84T9283;
				ENABLE_PREVIEWS = YES;
				GENERATE_INFOPLIST_FILE = YES;
				INFOPLIST_KEY_UIApplicationSceneManifest_Generation = YES;
				INFOPLIST_KEY_UIApplicationSupportsIndirectInputEvents = YES;
				INFOPLIST_KEY_UILaunchScreen_Generation = YES;
				INFOPLIST_KEY_UISupportedInterfaceOrientations_iPad = "UIInterfaceOrientationPortrait UIInterfaceOrientationPortraitUpsideDown UIInterfaceOrientationLandscapeLeft UIInterfaceOrientationLandscapeRight";
				INFOPLIST_KEY_UISupportedInterfaceOrientations_iPhone = "UIInterfaceOrientationPortrait UIInterfaceOrientationLandscapeLeft UIInterfaceOrientationLandscapeRight";
				LD_RUNPATH_SEARCH_PATHS = (
					"$(inherited)",
					"@executable_path/Frameworks",
				);
				MARKETING_VERSION = 1.0;
				PRODUCT_BUNDLE_IDENTIFIER = lynkto.dev.Instagram;
				PRODUCT_NAME = "$(TARGET_NAME)";
				SWIFT_EMIT_LOC_STRINGS = YES;
				SWIFT_VERSION = 5.0;
				TARGETED_DEVICE_FAMILY = "1,2";
			};
			name = Debug;
		};
		D4713D412AFCC71B00052F7E /* Release */ = {
			isa = XCBuildConfiguration;
			buildSettings = {
				ASSETCATALOG_COMPILER_APPICON_NAME = AppIcon;
				ASSETCATALOG_COMPILER_GLOBAL_ACCENT_COLOR_NAME = AccentColor;
				CODE_SIGN_STYLE = Automatic;
				CURRENT_PROJECT_VERSION = 1;
				DEVELOPMENT_ASSET_PATHS = "\"Instagram/Preview Content\"";
				DEVELOPMENT_TEAM = 6VC84T9283;
				ENABLE_PREVIEWS = YES;
				GENERATE_INFOPLIST_FILE = YES;
				INFOPLIST_KEY_UIApplicationSceneManifest_Generation = YES;
				INFOPLIST_KEY_UIApplicationSupportsIndirectInputEvents = YES;
				INFOPLIST_KEY_UILaunchScreen_Generation = YES;
				INFOPLIST_KEY_UISupportedInterfaceOrientations_iPad = "UIInterfaceOrientationPortrait UIInterfaceOrientationPortraitUpsideDown UIInterfaceOrientationLandscapeLeft UIInterfaceOrientationLandscapeRight";
				INFOPLIST_KEY_UISupportedInterfaceOrientations_iPhone = "UIInterfaceOrientationPortrait UIInterfaceOrientationLandscapeLeft UIInterfaceOrientationLandscapeRight";
				LD_RUNPATH_SEARCH_PATHS = (
					"$(inherited)",
					"@executable_path/Frameworks",
				);
				MARKETING_VERSION = 1.0;
				PRODUCT_BUNDLE_IDENTIFIER = lynkto.dev.Instagram;
				PRODUCT_NAME = "$(TARGET_NAME)";
				SWIFT_EMIT_LOC_STRINGS = YES;
				SWIFT_VERSION = 5.0;
				TARGETED_DEVICE_FAMILY = "1,2";
			};
			name = Release;
		};
/* End XCBuildConfiguration section */

/* Begin XCConfigurationList section */
		D4713D112AFCC71900052F7E /* Build configuration list for PBXProject "Instagram" */ = {
			isa = XCConfigurationList;
			buildConfigurations = (
				D4713D3D2AFCC71B00052F7E /* Debug */,
				D4713D3E2AFCC71B00052F7E /* Release */,
			);
			defaultConfigurationIsVisible = 0;
			defaultConfigurationName = Release;
		};
		D4713D3F2AFCC71B00052F7E /* Build configuration list for PBXNativeTarget "Instagram" */ = {
			isa = XCConfigurationList;
			buildConfigurations = (
				D4713D402AFCC71B00052F7E /* Debug */,
				D4713D412AFCC71B00052F7E /* Release */,
			);
			defaultConfigurationIsVisible = 0;
			defaultConfigurationName = Release;
		};
/* End XCConfigurationList section */

/* Begin XCVersionGroup section */
		D4713D242AFCC71B00052F7E /* Instagram.xcdatamodeld */ = {
			isa = XCVersionGroup;
			children = (
				D4713D252AFCC71B00052F7E /* Instagram.xcdatamodel */,
			);
			currentVersion = D4713D252AFCC71B00052F7E /* Instagram.xcdatamodel */;
			path = Instagram.xcdatamodeld;
			sourceTree = "<group>";
			versionGroupType = wrapper.xcdatamodel;
		};
/* End XCVersionGroup section */
	};
	rootObject = D4713D0E2AFCC71900052F7E /* Project object */;
}
